---
ansible_python_interpreter: /usr/bin/python2
hostname: Warlock
usb_adapter: enp0s20u6
username: brosas
userpasswd: $1$Dumk2TJT$VDje0trMK1wv0N0D1HzAC1
wired_adapter: enp0s25
wireless_adapter: wlp3s0
wlan_psk: 3601d3e835a86b88ae79eacc456fe2d71e29997301ea7306a18539239a3afa19
wlan_ssid: aliencyborg-5G
